// !$*UTF8*$!
{
	archiveVersion = 1;
	classes = {
	};
	objectVersion = 46;
	objects = {

/* Begin PBXBuildFile section */
		077C3F03C2A0BD77557159C7 /* Pods_ProjectVerkeerGentTests.framework in Frameworks */ = {isa = PBXBuildFile; fileRef = 3D8F259FD09B260EEA8218BA /* Pods_ProjectVerkeerGentTests.framework */; };
		65510CF2F797162BEE6998DC /* Pods_ProjectVerkeerGentUITests.framework in Frameworks */ = {isa = PBXBuildFile; fileRef = BBCFDB747FFE4F5B7050D92E /* Pods_ProjectVerkeerGentUITests.framework */; };
		8E8D43D174E31B8FA29FB053 /* Pods_ProjectVerkeerGent.framework in Frameworks */ = {isa = PBXBuildFile; fileRef = 5DC6E736DF67A1EE8D279B0C /* Pods_ProjectVerkeerGent.framework */; };
		C3D3B43D1E2FD23000B14CB2 /* MeldingOverzichtViewController.swift in Sources */ = {isa = PBXBuildFile; fileRef = C3D3B43C1E2FD23000B14CB2 /* MeldingOverzichtViewController.swift */; };
		C3D3B43F1E2FD84E00B14CB2 /* AddMeldingViewController.swift in Sources */ = {isa = PBXBuildFile; fileRef = C3D3B43E1E2FD84E00B14CB2 /* AddMeldingViewController.swift */; };
		C3E64ECA1E3362C900AAFC57 /* MeldingObject.swift in Sources */ = {isa = PBXBuildFile; fileRef = C3E64EC91E3362C900AAFC57 /* MeldingObject.swift */; };
		C3EC12581E3397B80003AD09 /* MeldingDetailViewController.swift in Sources */ = {isa = PBXBuildFile; fileRef = C3EC12571E3397B80003AD09 /* MeldingDetailViewController.swift */; };
		C3FD4CA41E1666BB00D79997 /* AppDelegate.swift in Sources */ = {isa = PBXBuildFile; fileRef = C3FD4CA31E1666BB00D79997 /* AppDelegate.swift */; };
		C3FD4CA61E1666BB00D79997 /* ViewController.swift in Sources */ = {isa = PBXBuildFile; fileRef = C3FD4CA51E1666BB00D79997 /* ViewController.swift */; };
		C3FD4CA91E1666BB00D79997 /* Main.storyboard in Resources */ = {isa = PBXBuildFile; fileRef = C3FD4CA71E1666BB00D79997 /* Main.storyboard */; };
		C3FD4CAB1E1666BB00D79997 /* Assets.xcassets in Resources */ = {isa = PBXBuildFile; fileRef = C3FD4CAA1E1666BB00D79997 /* Assets.xcassets */; };
		C3FD4CAE1E1666BB00D79997 /* LaunchScreen.storyboard in Resources */ = {isa = PBXBuildFile; fileRef = C3FD4CAC1E1666BB00D79997 /* LaunchScreen.storyboard */; };
		C3FD4CB91E1666BB00D79997 /* ProjectVerkeerGentTests.swift in Sources */ = {isa = PBXBuildFile; fileRef = C3FD4CB81E1666BB00D79997 /* ProjectVerkeerGentTests.swift */; };
		C3FD4CC41E1666BB00D79997 /* ProjectVerkeerGentUITests.swift in Sources */ = {isa = PBXBuildFile; fileRef = C3FD4CC31E1666BB00D79997 /* ProjectVerkeerGentUITests.swift */; };
		C3FD4CD51E1671FC00D79997 /* VerkeersSituatieViewController.swift in Sources */ = {isa = PBXBuildFile; fileRef = C3FD4CD41E1671FC00D79997 /* VerkeersSituatieViewController.swift */; };
		C3FD4CD71E167B7700D79997 /* VerkeerSituatie.swift in Sources */ = {isa = PBXBuildFile; fileRef = C3FD4CD61E167B7700D79997 /* VerkeerSituatie.swift */; };
		C3FD4CD91E1BE01200D79997 /* Melding.swift in Sources */ = {isa = PBXBuildFile; fileRef = C3FD4CD81E1BE01200D79997 /* Melding.swift */; };
/* End PBXBuildFile section */

/* Begin PBXContainerItemProxy section */
		C3FD4CB51E1666BB00D79997 /* PBXContainerItemProxy */ = {
			isa = PBXContainerItemProxy;
			containerPortal = C3FD4C981E1666BB00D79997 /* Project object */;
			proxyType = 1;
			remoteGlobalIDString = C3FD4C9F1E1666BB00D79997;
			remoteInfo = ProjectVerkeerGent;
		};
		C3FD4CC01E1666BB00D79997 /* PBXContainerItemProxy */ = {
			isa = PBXContainerItemProxy;
			containerPortal = C3FD4C981E1666BB00D79997 /* Project object */;
			proxyType = 1;
			remoteGlobalIDString = C3FD4C9F1E1666BB00D79997;
			remoteInfo = ProjectVerkeerGent;
		};
/* End PBXContainerItemProxy section */

/* Begin PBXFileReference section */
		0DA499ACD1D55947F40C9CCC /* Pods-ProjectVerkeerGent.release.xcconfig */ = {isa = PBXFileReference; includeInIndex = 1; lastKnownFileType = text.xcconfig; name = "Pods-ProjectVerkeerGent.release.xcconfig"; path = "Pods/Target Support Files/Pods-ProjectVerkeerGent/Pods-ProjectVerkeerGent.release.xcconfig"; sourceTree = "<group>"; };
		11D5732AC03718D4100A1008 /* Pods-ProjectVerkeerGentUITests.release.xcconfig */ = {isa = PBXFileReference; includeInIndex = 1; lastKnownFileType = text.xcconfig; name = "Pods-ProjectVerkeerGentUITests.release.xcconfig"; path = "Pods/Target Support Files/Pods-ProjectVerkeerGentUITests/Pods-ProjectVerkeerGentUITests.release.xcconfig"; sourceTree = "<group>"; };
		3D8F259FD09B260EEA8218BA /* Pods_ProjectVerkeerGentTests.framework */ = {isa = PBXFileReference; explicitFileType = wrapper.framework; includeInIndex = 0; path = Pods_ProjectVerkeerGentTests.framework; sourceTree = BUILT_PRODUCTS_DIR; };
		5DC6E736DF67A1EE8D279B0C /* Pods_ProjectVerkeerGent.framework */ = {isa = PBXFileReference; explicitFileType = wrapper.framework; includeInIndex = 0; path = Pods_ProjectVerkeerGent.framework; sourceTree = BUILT_PRODUCTS_DIR; };
		68A9D53D5833D75619C9FA73 /* Pods-ProjectVerkeerGent.debug.xcconfig */ = {isa = PBXFileReference; includeInIndex = 1; lastKnownFileType = text.xcconfig; name = "Pods-ProjectVerkeerGent.debug.xcconfig"; path = "Pods/Target Support Files/Pods-ProjectVerkeerGent/Pods-ProjectVerkeerGent.debug.xcconfig"; sourceTree = "<group>"; };
		BBCFDB747FFE4F5B7050D92E /* Pods_ProjectVerkeerGentUITests.framework */ = {isa = PBXFileReference; explicitFileType = wrapper.framework; includeInIndex = 0; path = Pods_ProjectVerkeerGentUITests.framework; sourceTree = BUILT_PRODUCTS_DIR; };
		C3D3B43C1E2FD23000B14CB2 /* MeldingOverzichtViewController.swift */ = {isa = PBXFileReference; fileEncoding = 4; lastKnownFileType = sourcecode.swift; path = MeldingOverzichtViewController.swift; sourceTree = "<group>"; };
		C3D3B43E1E2FD84E00B14CB2 /* AddMeldingViewController.swift */ = {isa = PBXFileReference; fileEncoding = 4; lastKnownFileType = sourcecode.swift; path = AddMeldingViewController.swift; sourceTree = "<group>"; };
		C3E64EC91E3362C900AAFC57 /* MeldingObject.swift */ = {isa = PBXFileReference; fileEncoding = 4; lastKnownFileType = sourcecode.swift; path = MeldingObject.swift; sourceTree = "<group>"; };
		C3EC12571E3397B80003AD09 /* MeldingDetailViewController.swift */ = {isa = PBXFileReference; fileEncoding = 4; lastKnownFileType = sourcecode.swift; path = MeldingDetailViewController.swift; sourceTree = "<group>"; };
		C3FD4CA01E1666BB00D79997 /* ProjectVerkeerGent.app */ = {isa = PBXFileReference; explicitFileType = wrapper.application; includeInIndex = 0; path = ProjectVerkeerGent.app; sourceTree = BUILT_PRODUCTS_DIR; };
		C3FD4CA31E1666BB00D79997 /* AppDelegate.swift */ = {isa = PBXFileReference; lastKnownFileType = sourcecode.swift; path = AppDelegate.swift; sourceTree = "<group>"; };
		C3FD4CA51E1666BB00D79997 /* ViewController.swift */ = {isa = PBXFileReference; lastKnownFileType = sourcecode.swift; path = ViewController.swift; sourceTree = "<group>"; };
		C3FD4CA81E1666BB00D79997 /* Base */ = {isa = PBXFileReference; lastKnownFileType = file.storyboard; name = Base; path = Base.lproj/Main.storyboard; sourceTree = "<group>"; };
		C3FD4CAA1E1666BB00D79997 /* Assets.xcassets */ = {isa = PBXFileReference; lastKnownFileType = folder.assetcatalog; path = Assets.xcassets; sourceTree = "<group>"; };
		C3FD4CAD1E1666BB00D79997 /* Base */ = {isa = PBXFileReference; lastKnownFileType = file.storyboard; name = Base; path = Base.lproj/LaunchScreen.storyboard; sourceTree = "<group>"; };
		C3FD4CAF1E1666BB00D79997 /* Info.plist */ = {isa = PBXFileReference; lastKnownFileType = text.plist.xml; path = Info.plist; sourceTree = "<group>"; };
		C3FD4CB41E1666BB00D79997 /* ProjectVerkeerGentTests.xctest */ = {isa = PBXFileReference; explicitFileType = wrapper.cfbundle; includeInIndex = 0; path = ProjectVerkeerGentTests.xctest; sourceTree = BUILT_PRODUCTS_DIR; };
		C3FD4CB81E1666BB00D79997 /* ProjectVerkeerGentTests.swift */ = {isa = PBXFileReference; lastKnownFileType = sourcecode.swift; path = ProjectVerkeerGentTests.swift; sourceTree = "<group>"; };
		C3FD4CBA1E1666BB00D79997 /* Info.plist */ = {isa = PBXFileReference; lastKnownFileType = text.plist.xml; path = Info.plist; sourceTree = "<group>"; };
		C3FD4CBF1E1666BB00D79997 /* ProjectVerkeerGentUITests.xctest */ = {isa = PBXFileReference; explicitFileType = wrapper.cfbundle; includeInIndex = 0; path = ProjectVerkeerGentUITests.xctest; sourceTree = BUILT_PRODUCTS_DIR; };
		C3FD4CC31E1666BB00D79997 /* ProjectVerkeerGentUITests.swift */ = {isa = PBXFileReference; lastKnownFileType = sourcecode.swift; path = ProjectVerkeerGentUITests.swift; sourceTree = "<group>"; };
		C3FD4CC51E1666BB00D79997 /* Info.plist */ = {isa = PBXFileReference; lastKnownFileType = text.plist.xml; path = Info.plist; sourceTree = "<group>"; };
		C3FD4CD41E1671FC00D79997 /* VerkeersSituatieViewController.swift */ = {isa = PBXFileReference; fileEncoding = 4; lastKnownFileType = sourcecode.swift; path = VerkeersSituatieViewController.swift; sourceTree = "<group>"; };
		C3FD4CD61E167B7700D79997 /* VerkeerSituatie.swift */ = {isa = PBXFileReference; fileEncoding = 4; lastKnownFileType = sourcecode.swift; path = VerkeerSituatie.swift; sourceTree = "<group>"; };
		C3FD4CD81E1BE01200D79997 /* Melding.swift */ = {isa = PBXFileReference; fileEncoding = 4; lastKnownFileType = sourcecode.swift; path = Melding.swift; sourceTree = "<group>"; };
		D30995035CA26C0DEB860D94 /* Pods-ProjectVerkeerGentTests.debug.xcconfig */ = {isa = PBXFileReference; includeInIndex = 1; lastKnownFileType = text.xcconfig; name = "Pods-ProjectVerkeerGentTests.debug.xcconfig"; path = "Pods/Target Support Files/Pods-ProjectVerkeerGentTests/Pods-ProjectVerkeerGentTests.debug.xcconfig"; sourceTree = "<group>"; };
		D589E9669DD5D9BC03F953D6 /* Pods-ProjectVerkeerGentUITests.debug.xcconfig */ = {isa = PBXFileReference; includeInIndex = 1; lastKnownFileType = text.xcconfig; name = "Pods-ProjectVerkeerGentUITests.debug.xcconfig"; path = "Pods/Target Support Files/Pods-ProjectVerkeerGentUITests/Pods-ProjectVerkeerGentUITests.debug.xcconfig"; sourceTree = "<group>"; };
		F976D25B4BD22226EAAD16F9 /* Pods-ProjectVerkeerGentTests.release.xcconfig */ = {isa = PBXFileReference; includeInIndex = 1; lastKnownFileType = text.xcconfig; name = "Pods-ProjectVerkeerGentTests.release.xcconfig"; path = "Pods/Target Support Files/Pods-ProjectVerkeerGentTests/Pods-ProjectVerkeerGentTests.release.xcconfig"; sourceTree = "<group>"; };
/* End PBXFileReference section */

/* Begin PBXFrameworksBuildPhase section */
		C3FD4C9D1E1666BB00D79997 /* Frameworks */ = {
			isa = PBXFrameworksBuildPhase;
			buildActionMask = 2147483647;
			files = (
				8E8D43D174E31B8FA29FB053 /* Pods_ProjectVerkeerGent.framework in Frameworks */,
			);
			runOnlyForDeploymentPostprocessing = 0;
		};
		C3FD4CB11E1666BB00D79997 /* Frameworks */ = {
			isa = PBXFrameworksBuildPhase;
			buildActionMask = 2147483647;
			files = (
				077C3F03C2A0BD77557159C7 /* Pods_ProjectVerkeerGentTests.framework in Frameworks */,
			);
			runOnlyForDeploymentPostprocessing = 0;
		};
		C3FD4CBC1E1666BB00D79997 /* Frameworks */ = {
			isa = PBXFrameworksBuildPhase;
			buildActionMask = 2147483647;
			files = (
				65510CF2F797162BEE6998DC /* Pods_ProjectVerkeerGentUITests.framework in Frameworks */,
			);
			runOnlyForDeploymentPostprocessing = 0;
		};
/* End PBXFrameworksBuildPhase section */

/* Begin PBXGroup section */
		AAD7B0A15AF6C8B5184745DC /* Pods */ = {
			isa = PBXGroup;
			children = (
				68A9D53D5833D75619C9FA73 /* Pods-ProjectVerkeerGent.debug.xcconfig */,
				0DA499ACD1D55947F40C9CCC /* Pods-ProjectVerkeerGent.release.xcconfig */,
				D30995035CA26C0DEB860D94 /* Pods-ProjectVerkeerGentTests.debug.xcconfig */,
				F976D25B4BD22226EAAD16F9 /* Pods-ProjectVerkeerGentTests.release.xcconfig */,
				D589E9669DD5D9BC03F953D6 /* Pods-ProjectVerkeerGentUITests.debug.xcconfig */,
				11D5732AC03718D4100A1008 /* Pods-ProjectVerkeerGentUITests.release.xcconfig */,
			);
			name = Pods;
			sourceTree = "<group>";
		};
		C3FD4C971E1666BB00D79997 = {
			isa = PBXGroup;
			children = (
				C3FD4CA21E1666BB00D79997 /* ProjectVerkeerGent */,
				C3FD4CB71E1666BB00D79997 /* ProjectVerkeerGentTests */,
				C3FD4CC21E1666BB00D79997 /* ProjectVerkeerGentUITests */,
				C3FD4CA11E1666BB00D79997 /* Products */,
				AAD7B0A15AF6C8B5184745DC /* Pods */,
				C6D846F241559DC43455C11C /* Frameworks */,
			);
			sourceTree = "<group>";
		};
		C3FD4CA11E1666BB00D79997 /* Products */ = {
			isa = PBXGroup;
			children = (
				C3FD4CA01E1666BB00D79997 /* ProjectVerkeerGent.app */,
				C3FD4CB41E1666BB00D79997 /* ProjectVerkeerGentTests.xctest */,
				C3FD4CBF1E1666BB00D79997 /* ProjectVerkeerGentUITests.xctest */,
			);
			name = Products;
			sourceTree = "<group>";
		};
		C3FD4CA21E1666BB00D79997 /* ProjectVerkeerGent */ = {
			isa = PBXGroup;
			children = (
				C3FD4CD31E166A3000D79997 /* Service */,
				C3FD4CD21E166A2A00D79997 /* Model */,
				C3FD4CD11E166A1F00D79997 /* ViewController */,
				C3FD4CA31E1666BB00D79997 /* AppDelegate.swift */,
				C3FD4CA51E1666BB00D79997 /* ViewController.swift */,
				C3FD4CA71E1666BB00D79997 /* Main.storyboard */,
				C3FD4CAA1E1666BB00D79997 /* Assets.xcassets */,
				C3FD4CAC1E1666BB00D79997 /* LaunchScreen.storyboard */,
				C3FD4CAF1E1666BB00D79997 /* Info.plist */,
			);
			path = ProjectVerkeerGent;
			sourceTree = "<group>";
		};
		C3FD4CB71E1666BB00D79997 /* ProjectVerkeerGentTests */ = {
			isa = PBXGroup;
			children = (
				C3FD4CB81E1666BB00D79997 /* ProjectVerkeerGentTests.swift */,
				C3FD4CBA1E1666BB00D79997 /* Info.plist */,
			);
			path = ProjectVerkeerGentTests;
			sourceTree = "<group>";
		};
		C3FD4CC21E1666BB00D79997 /* ProjectVerkeerGentUITests */ = {
			isa = PBXGroup;
			children = (
				C3FD4CC31E1666BB00D79997 /* ProjectVerkeerGentUITests.swift */,
				C3FD4CC51E1666BB00D79997 /* Info.plist */,
			);
			path = ProjectVerkeerGentUITests;
			sourceTree = "<group>";
		};
		C3FD4CD11E166A1F00D79997 /* ViewController */ = {
			isa = PBXGroup;
			children = (
				C3FD4CD41E1671FC00D79997 /* VerkeersSituatieViewController.swift */,
				C3D3B43C1E2FD23000B14CB2 /* MeldingOverzichtViewController.swift */,
				C3D3B43E1E2FD84E00B14CB2 /* AddMeldingViewController.swift */,
				C3EC12571E3397B80003AD09 /* MeldingDetailViewController.swift */,
			);
			name = ViewController;
			sourceTree = "<group>";
		};
		C3FD4CD21E166A2A00D79997 /* Model */ = {
			isa = PBXGroup;
			children = (
				C3FD4CD81E1BE01200D79997 /* Melding.swift */,
				C3E64EC91E3362C900AAFC57 /* MeldingObject.swift */,
			);
			name = Model;
			sourceTree = "<group>";
		};
		C3FD4CD31E166A3000D79997 /* Service */ = {
			isa = PBXGroup;
			children = (
				C3FD4CD61E167B7700D79997 /* VerkeerSituatie.swift */,
			);
			name = Service;
			sourceTree = "<group>";
		};
		C6D846F241559DC43455C11C /* Frameworks */ = {
			isa = PBXGroup;
			children = (
				5DC6E736DF67A1EE8D279B0C /* Pods_ProjectVerkeerGent.framework */,
				3D8F259FD09B260EEA8218BA /* Pods_ProjectVerkeerGentTests.framework */,
				BBCFDB747FFE4F5B7050D92E /* Pods_ProjectVerkeerGentUITests.framework */,
			);
			name = Frameworks;
			sourceTree = "<group>";
		};
/* End PBXGroup section */

/* Begin PBXNativeTarget section */
		C3FD4C9F1E1666BB00D79997 /* ProjectVerkeerGent */ = {
			isa = PBXNativeTarget;
			buildConfigurationList = C3FD4CC81E1666BB00D79997 /* Build configuration list for PBXNativeTarget "ProjectVerkeerGent" */;
			buildPhases = (
				20198D691013B72336AA5B5C /* [CP] Check Pods Manifest.lock */,
				C3FD4C9C1E1666BB00D79997 /* Sources */,
				C3FD4C9D1E1666BB00D79997 /* Frameworks */,
				C3FD4C9E1E1666BB00D79997 /* Resources */,
				E081631EBFD6AF94BCB144FE /* [CP] Embed Pods Frameworks */,
				792E925C1F46E80D326537B7 /* [CP] Copy Pods Resources */,
			);
			buildRules = (
			);
			dependencies = (
			);
			name = ProjectVerkeerGent;
			productName = ProjectVerkeerGent;
			productReference = C3FD4CA01E1666BB00D79997 /* ProjectVerkeerGent.app */;
			productType = "com.apple.product-type.application";
		};
		C3FD4CB31E1666BB00D79997 /* ProjectVerkeerGentTests */ = {
			isa = PBXNativeTarget;
			buildConfigurationList = C3FD4CCB1E1666BB00D79997 /* Build configuration list for PBXNativeTarget "ProjectVerkeerGentTests" */;
			buildPhases = (
				B8E1B8D24CFC68BFE718989C /* [CP] Check Pods Manifest.lock */,
				C3FD4CB01E1666BB00D79997 /* Sources */,
				C3FD4CB11E1666BB00D79997 /* Frameworks */,
				C3FD4CB21E1666BB00D79997 /* Resources */,
				48098DC18A32615277867B3F /* [CP] Embed Pods Frameworks */,
				9012574F5CAE8194C1E58D60 /* [CP] Copy Pods Resources */,
			);
			buildRules = (
			);
			dependencies = (
				C3FD4CB61E1666BB00D79997 /* PBXTargetDependency */,
			);
			name = ProjectVerkeerGentTests;
			productName = ProjectVerkeerGentTests;
			productReference = C3FD4CB41E1666BB00D79997 /* ProjectVerkeerGentTests.xctest */;
			productType = "com.apple.product-type.bundle.unit-test";
		};
		C3FD4CBE1E1666BB00D79997 /* ProjectVerkeerGentUITests */ = {
			isa = PBXNativeTarget;
			buildConfigurationList = C3FD4CCE1E1666BB00D79997 /* Build configuration list for PBXNativeTarget "ProjectVerkeerGentUITests" */;
			buildPhases = (
				3BD38FBD97BF56684A54C0C1 /* [CP] Check Pods Manifest.lock */,
				C3FD4CBB1E1666BB00D79997 /* Sources */,
				C3FD4CBC1E1666BB00D79997 /* Frameworks */,
				C3FD4CBD1E1666BB00D79997 /* Resources */,
				9EC80695124BADFD6087472C /* [CP] Embed Pods Frameworks */,
				11EB4A1BC6170B0BA60C59D6 /* [CP] Copy Pods Resources */,
			);
			buildRules = (
			);
			dependencies = (
				C3FD4CC11E1666BB00D79997 /* PBXTargetDependency */,
			);
			name = ProjectVerkeerGentUITests;
			productName = ProjectVerkeerGentUITests;
			productReference = C3FD4CBF1E1666BB00D79997 /* ProjectVerkeerGentUITests.xctest */;
			productType = "com.apple.product-type.bundle.ui-testing";
		};
/* End PBXNativeTarget section */

/* Begin PBXProject section */
		C3FD4C981E1666BB00D79997 /* Project object */ = {
			isa = PBXProject;
			attributes = {
				LastSwiftUpdateCheck = 0820;
				LastUpgradeCheck = 0820;
				ORGANIZATIONNAME = "sander brugge";
				TargetAttributes = {
					C3FD4C9F1E1666BB00D79997 = {
						CreatedOnToolsVersion = 8.2.1;
						ProvisioningStyle = Automatic;
					};
					C3FD4CB31E1666BB00D79997 = {
						CreatedOnToolsVersion = 8.2.1;
						ProvisioningStyle = Automatic;
						TestTargetID = C3FD4C9F1E1666BB00D79997;
					};
					C3FD4CBE1E1666BB00D79997 = {
						CreatedOnToolsVersion = 8.2.1;
						ProvisioningStyle = Automatic;
						TestTargetID = C3FD4C9F1E1666BB00D79997;
					};
				};
			};
			buildConfigurationList = C3FD4C9B1E1666BB00D79997 /* Build configuration list for PBXProject "ProjectVerkeerGent" */;
			compatibilityVersion = "Xcode 3.2";
			developmentRegion = English;
			hasScannedForEncodings = 0;
			knownRegions = (
				en,
				Base,
			);
			mainGroup = C3FD4C971E1666BB00D79997;
			productRefGroup = C3FD4CA11E1666BB00D79997 /* Products */;
			projectDirPath = "";
			projectRoot = "";
			targets = (
				C3FD4C9F1E1666BB00D79997 /* ProjectVerkeerGent */,
				C3FD4CB31E1666BB00D79997 /* ProjectVerkeerGentTests */,
				C3FD4CBE1E1666BB00D79997 /* ProjectVerkeerGentUITests */,
			);
		};
/* End PBXProject section */

/* Begin PBXResourcesBuildPhase section */
		C3FD4C9E1E1666BB00D79997 /* Resources */ = {
			isa = PBXResourcesBuildPhase;
			buildActionMask = 2147483647;
			files = (
				C3FD4CAE1E1666BB00D79997 /* LaunchScreen.storyboard in Resources */,
				C3FD4CAB1E1666BB00D79997 /* Assets.xcassets in Resources */,
				C3FD4CA91E1666BB00D79997 /* Main.storyboard in Resources */,
			);
			runOnlyForDeploymentPostprocessing = 0;
		};
		C3FD4CB21E1666BB00D79997 /* Resources */ = {
			isa = PBXResourcesBuildPhase;
			buildActionMask = 2147483647;
			files = (
			);
			runOnlyForDeploymentPostprocessing = 0;
		};
		C3FD4CBD1E1666BB00D79997 /* Resources */ = {
			isa = PBXResourcesBuildPhase;
			buildActionMask = 2147483647;
			files = (
			);
			runOnlyForDeploymentPostprocessing = 0;
		};
/* End PBXResourcesBuildPhase section */

/* Begin PBXShellScriptBuildPhase section */
		11EB4A1BC6170B0BA60C59D6 /* [CP] Copy Pods Resources */ = {
			isa = PBXShellScriptBuildPhase;
			buildActionMask = 2147483647;
			files = (
			);
			inputPaths = (
			);
			name = "[CP] Copy Pods Resources";
			outputPaths = (
			);
			runOnlyForDeploymentPostprocessing = 0;
			shellPath = /bin/sh;
			shellScript = "\"${SRCROOT}/Pods/Target Support Files/Pods-ProjectVerkeerGentUITests/Pods-ProjectVerkeerGentUITests-resources.sh\"\n";
			showEnvVarsInLog = 0;
		};
		20198D691013B72336AA5B5C /* [CP] Check Pods Manifest.lock */ = {
			isa = PBXShellScriptBuildPhase;
			buildActionMask = 2147483647;
			files = (
			);
			inputPaths = (
			);
			name = "[CP] Check Pods Manifest.lock";
			outputPaths = (
			);
			runOnlyForDeploymentPostprocessing = 0;
			shellPath = /bin/sh;
			shellScript = "diff \"${PODS_ROOT}/../Podfile.lock\" \"${PODS_ROOT}/Manifest.lock\" > /dev/null\nif [ $? != 0 ] ; then\n    # print error to STDERR\n    echo \"error: The sandbox is not in sync with the Podfile.lock. Run 'pod install' or update your CocoaPods installation.\" >&2\n    exit 1\nfi\n";
			showEnvVarsInLog = 0;
		};
		3BD38FBD97BF56684A54C0C1 /* [CP] Check Pods Manifest.lock */ = {
			isa = PBXShellScriptBuildPhase;
			buildActionMask = 2147483647;
			files = (
			);
			inputPaths = (
			);
			name = "[CP] Check Pods Manifest.lock";
			outputPaths = (
			);
			runOnlyForDeploymentPostprocessing = 0;
			shellPath = /bin/sh;
			shellScript = "diff \"${PODS_ROOT}/../Podfile.lock\" \"${PODS_ROOT}/Manifest.lock\" > /dev/null\nif [ $? != 0 ] ; then\n    # print error to STDERR\n    echo \"error: The sandbox is not in sync with the Podfile.lock. Run 'pod install' or update your CocoaPods installation.\" >&2\n    exit 1\nfi\n";
			showEnvVarsInLog = 0;
		};
		48098DC18A32615277867B3F /* [CP] Embed Pods Frameworks */ = {
			isa = PBXShellScriptBuildPhase;
			buildActionMask = 2147483647;
			files = (
			);
			inputPaths = (
			);
			name = "[CP] Embed Pods Frameworks";
			outputPaths = (
			);
			runOnlyForDeploymentPostprocessing = 0;
			shellPath = /bin/sh;
			shellScript = "\"${SRCROOT}/Pods/Target Support Files/Pods-ProjectVerkeerGentTests/Pods-ProjectVerkeerGentTests-frameworks.sh\"\n";
			showEnvVarsInLog = 0;
		};
		792E925C1F46E80D326537B7 /* [CP] Copy Pods Resources */ = {
			isa = PBXShellScriptBuildPhase;
			buildActionMask = 2147483647;
			files = (
			);
			inputPaths = (
			);
			name = "[CP] Copy Pods Resources";
			outputPaths = (
			);
			runOnlyForDeploymentPostprocessing = 0;
			shellPath = /bin/sh;
			shellScript = "\"${SRCROOT}/Pods/Target Support Files/Pods-ProjectVerkeerGent/Pods-ProjectVerkeerGent-resources.sh\"\n";
			showEnvVarsInLog = 0;
		};
		9012574F5CAE8194C1E58D60 /* [CP] Copy Pods Resources */ = {
			isa = PBXShellScriptBuildPhase;
			buildActionMask = 2147483647;
			files = (
			);
			inputPaths = (
			);
			name = "[CP] Copy Pods Resources";
			outputPaths = (
			);
			runOnlyForDeploymentPostprocessing = 0;
			shellPath = /bin/sh;
			shellScript = "\"${SRCROOT}/Pods/Target Support Files/Pods-ProjectVerkeerGentTests/Pods-ProjectVerkeerGentTests-resources.sh\"\n";
			showEnvVarsInLog = 0;
		};
		9EC80695124BADFD6087472C /* [CP] Embed Pods Frameworks */ = {
			isa = PBXShellScriptBuildPhase;
			buildActionMask = 2147483647;
			files = (
			);
			inputPaths = (
			);
			name = "[CP] Embed Pods Frameworks";
			outputPaths = (
			);
			runOnlyForDeploymentPostprocessing = 0;
			shellPath = /bin/sh;
			shellScript = "\"${SRCROOT}/Pods/Target Support Files/Pods-ProjectVerkeerGentUITests/Pods-ProjectVerkeerGentUITests-frameworks.sh\"\n";
			showEnvVarsInLog = 0;
		};
		B8E1B8D24CFC68BFE718989C /* [CP] Check Pods Manifest.lock */ = {
			isa = PBXShellScriptBuildPhase;
			buildActionMask = 2147483647;
			files = (
			);
			inputPaths = (
			);
			name = "[CP] Check Pods Manifest.lock";
			outputPaths = (
			);
			runOnlyForDeploymentPostprocessing = 0;
			shellPath = /bin/sh;
			shellScript = "diff \"${PODS_ROOT}/../Podfile.lock\" \"${PODS_ROOT}/Manifest.lock\" > /dev/null\nif [ $? != 0 ] ; then\n    # print error to STDERR\n    echo \"error: The sandbox is not in sync with the Podfile.lock. Run 'pod install' or update your CocoaPods installation.\" >&2\n    exit 1\nfi\n";
			showEnvVarsInLog = 0;
		};
		E081631EBFD6AF94BCB144FE /* [CP] Embed Pods Frameworks */ = {
			isa = PBXShellScriptBuildPhase;
			buildActionMask = 2147483647;
			files = (
			);
			inputPaths = (
			);
			name = "[CP] Embed Pods Frameworks";
			outputPaths = (
			);
			runOnlyForDeploymentPostprocessing = 0;
			shellPath = /bin/sh;
			shellScript = "\"${SRCROOT}/Pods/Target Support Files/Pods-ProjectVerkeerGent/Pods-ProjectVerkeerGent-frameworks.sh\"\n";
			showEnvVarsInLog = 0;
		};
/* End PBXShellScriptBuildPhase section */

/* Begin PBXSourcesBuildPhase section */
		C3FD4C9C1E1666BB00D79997 /* Sources */ = {
			isa = PBXSourcesBuildPhase;
			buildActionMask = 2147483647;
			files = (
				C3FD4CD71E167B7700D79997 /* VerkeerSituatie.swift in Sources */,
				C3FD4CD91E1BE01200D79997 /* Melding.swift in Sources */,
				C3D3B43D1E2FD23000B14CB2 /* MeldingOverzichtViewController.swift in Sources */,
				C3FD4CA61E1666BB00D79997 /* ViewController.swift in Sources */,
				C3D3B43F1E2FD84E00B14CB2 /* AddMeldingViewController.swift in Sources */,
				C3E64ECA1E3362C900AAFC57 /* MeldingObject.swift in Sources */,
				C3EC12581E3397B80003AD09 /* MeldingDetailViewController.swift in Sources */,
				C3FD4CD51E1671FC00D79997 /* VerkeersSituatieViewController.swift in Sources */,
				C3FD4CA41E1666BB00D79997 /* AppDelegate.swift in Sources */,
			);
			runOnlyForDeploymentPostprocessing = 0;
		};
		C3FD4CB01E1666BB00D79997 /* Sources */ = {
			isa = PBXSourcesBuildPhase;
			buildActionMask = 2147483647;
			files = (
				C3FD4CB91E1666BB00D79997 /* ProjectVerkeerGentTests.swift in Sources */,
			);
			runOnlyForDeploymentPostprocessing = 0;
		};
		C3FD4CBB1E1666BB00D79997 /* Sources */ = {
			isa = PBXSourcesBuildPhase;
			buildActionMask = 2147483647;
			files = (
				C3FD4CC41E1666BB00D79997 /* ProjectVerkeerGentUITests.swift in Sources */,
			);
			runOnlyForDeploymentPostprocessing = 0;
		};
/* End PBXSourcesBuildPhase section */

/* Begin PBXTargetDependency section */
		C3FD4CB61E1666BB00D79997 /* PBXTargetDependency */ = {
			isa = PBXTargetDependency;
			target = C3FD4C9F1E1666BB00D79997 /* ProjectVerkeerGent */;
			targetProxy = C3FD4CB51E1666BB00D79997 /* PBXContainerItemProxy */;
		};
		C3FD4CC11E1666BB00D79997 /* PBXTargetDependency */ = {
			isa = PBXTargetDependency;
			target = C3FD4C9F1E1666BB00D79997 /* ProjectVerkeerGent */;
			targetProxy = C3FD4CC01E1666BB00D79997 /* PBXContainerItemProxy */;
		};
/* End PBXTargetDependency section */

/* Begin PBXVariantGroup section */
		C3FD4CA71E1666BB00D79997 /* Main.storyboard */ = {
			isa = PBXVariantGroup;
			children = (
				C3FD4CA81E1666BB00D79997 /* Base */,
			);
			name = Main.storyboard;
			sourceTree = "<group>";
		};
		C3FD4CAC1E1666BB00D79997 /* LaunchScreen.storyboard */ = {
			isa = PBXVariantGroup;
			children = (
				C3FD4CAD1E1666BB00D79997 /* Base */,
			);
			name = LaunchScreen.storyboard;
			sourceTree = "<group>";
		};
/* End PBXVariantGroup section */

/* Begin XCBuildConfiguration section */
		C3FD4CC61E1666BB00D79997 /* Debug */ = {
			isa = XCBuildConfiguration;
			buildSettings = {
				ALWAYS_SEARCH_USER_PATHS = NO;
				CLANG_ANALYZER_NONNULL = YES;
				CLANG_CXX_LANGUAGE_STANDARD = "gnu++0x";
				CLANG_CXX_LIBRARY = "libc++";
				CLANG_ENABLE_MODULES = YES;
				CLANG_ENABLE_OBJC_ARC = YES;
				CLANG_WARN_BOOL_CONVERSION = YES;
				CLANG_WARN_CONSTANT_CONVERSION = YES;
				CLANG_WARN_DIRECT_OBJC_ISA_USAGE = YES_ERROR;
				CLANG_WARN_DOCUMENTATION_COMMENTS = YES;
				CLANG_WARN_EMPTY_BODY = YES;
				CLANG_WARN_ENUM_CONVERSION = YES;
				CLANG_WARN_INFINITE_RECURSION = YES;
				CLANG_WARN_INT_CONVERSION = YES;
				CLANG_WARN_OBJC_ROOT_CLASS = YES_ERROR;
				CLANG_WARN_SUSPICIOUS_MOVE = YES;
				CLANG_WARN_UNREACHABLE_CODE = YES;
				CLANG_WARN__DUPLICATE_METHOD_MATCH = YES;
				"CODE_SIGN_IDENTITY[sdk=iphoneos*]" = "iPhone Developer";
				COPY_PHASE_STRIP = NO;
				DEBUG_INFORMATION_FORMAT = dwarf;
				ENABLE_STRICT_OBJC_MSGSEND = YES;
				ENABLE_TESTABILITY = YES;
				GCC_C_LANGUAGE_STANDARD = gnu99;
				GCC_DYNAMIC_NO_PIC = NO;
				GCC_NO_COMMON_BLOCKS = YES;
				GCC_OPTIMIZATION_LEVEL = 0;
				GCC_PREPROCESSOR_DEFINITIONS = (
					"DEBUG=1",
					"$(inherited)",
				);
				GCC_WARN_64_TO_32_BIT_CONVERSION = YES;
				GCC_WARN_ABOUT_RETURN_TYPE = YES_ERROR;
				GCC_WARN_UNDECLARED_SELECTOR = YES;
				GCC_WARN_UNINITIALIZED_AUTOS = YES_AGGRESSIVE;
				GCC_WARN_UNUSED_FUNCTION = YES;
				GCC_WARN_UNUSED_VARIABLE = YES;
				IPHONEOS_DEPLOYMENT_TARGET = 10.2;
				MTL_ENABLE_DEBUG_INFO = YES;
				ONLY_ACTIVE_ARCH = YES;
				SDKROOT = iphoneos;
				SWIFT_ACTIVE_COMPILATION_CONDITIONS = DEBUG;
				SWIFT_OPTIMIZATION_LEVEL = "-Onone";
				TARGETED_DEVICE_FAMILY = "1,2";
			};
			name = Debug;
		};
		C3FD4CC71E1666BB00D79997 /* Release */ = {
			isa = XCBuildConfiguration;
			buildSettings = {
				ALWAYS_SEARCH_USER_PATHS = NO;
				CLANG_ANALYZER_NONNULL = YES;
				CLANG_CXX_LANGUAGE_STANDARD = "gnu++0x";
				CLANG_CXX_LIBRARY = "libc++";
				CLANG_ENABLE_MODULES = YES;
				CLANG_ENABLE_OBJC_ARC = YES;
				CLANG_WARN_BOOL_CONVERSION = YES;
				CLANG_WARN_CONSTANT_CONVERSION = YES;
				CLANG_WARN_DIRECT_OBJC_ISA_USAGE = YES_ERROR;
				CLANG_WARN_DOCUMENTATION_COMMENTS = YES;
				CLANG_WARN_EMPTY_BODY = YES;
				CLANG_WARN_ENUM_CONVERSION = YES;
				CLANG_WARN_INFINITE_RECURSION = YES;
				CLANG_WARN_INT_CONVERSION = YES;
				CLANG_WARN_OBJC_ROOT_CLASS = YES_ERROR;
				CLANG_WARN_SUSPICIOUS_MOVE = YES;
				CLANG_WARN_UNREACHABLE_CODE = YES;
				CLANG_WARN__DUPLICATE_METHOD_MATCH = YES;
				"CODE_SIGN_IDENTITY[sdk=iphoneos*]" = "iPhone Developer";
				COPY_PHASE_STRIP = NO;
				DEBUG_INFORMATION_FORMAT = "dwarf-with-dsym";
				ENABLE_NS_ASSERTIONS = NO;
				ENABLE_STRICT_OBJC_MSGSEND = YES;
				GCC_C_LANGUAGE_STANDARD = gnu99;
				GCC_NO_COMMON_BLOCKS = YES;
				GCC_WARN_64_TO_32_BIT_CONVERSION = YES;
				GCC_WARN_ABOUT_RETURN_TYPE = YES_ERROR;
				GCC_WARN_UNDECLARED_SELECTOR = YES;
				GCC_WARN_UNINITIALIZED_AUTOS = YES_AGGRESSIVE;
				GCC_WARN_UNUSED_FUNCTION = YES;
				GCC_WARN_UNUSED_VARIABLE = YES;
				IPHONEOS_DEPLOYMENT_TARGET = 10.2;
				MTL_ENABLE_DEBUG_INFO = NO;
				SDKROOT = iphoneos;
				SWIFT_OPTIMIZATION_LEVEL = "-Owholemodule";
				TARGETED_DEVICE_FAMILY = "1,2";
				VALIDATE_PRODUCT = YES;
			};
			name = Release;
		};
		C3FD4CC91E1666BB00D79997 /* Debug */ = {
			isa = XCBuildConfiguration;
			baseConfigurationReference = 68A9D53D5833D75619C9FA73 /* Pods-ProjectVerkeerGent.debug.xcconfig */;
			buildSettings = {
				ASSETCATALOG_COMPILER_APPICON_NAME = AppIcon;
				INFOPLIST_FILE = ProjectVerkeerGent/Info.plist;
				LD_RUNPATH_SEARCH_PATHS = "$(inherited) @executable_path/Frameworks";
				PRODUCT_BUNDLE_IDENTIFIER = sb.ProjectVerkeerGent;
				PRODUCT_NAME = "$(TARGET_NAME)";
				SWIFT_VERSION = 3.0;
			};
			name = Debug;
		};
		C3FD4CCA1E1666BB00D79997 /* Release */ = {
			isa = XCBuildConfiguration;
			baseConfigurationReference = 0DA499ACD1D55947F40C9CCC /* Pods-ProjectVerkeerGent.release.xcconfig */;
			buildSettings = {
				ASSETCATALOG_COMPILER_APPICON_NAME = AppIcon;
				INFOPLIST_FILE = ProjectVerkeerGent/Info.plist;
				LD_RUNPATH_SEARCH_PATHS = "$(inherited) @executable_path/Frameworks";
				PRODUCT_BUNDLE_IDENTIFIER = sb.ProjectVerkeerGent;
				PRODUCT_NAME = "$(TARGET_NAME)";
				SWIFT_VERSION = 3.0;
			};
			name = Release;
		};
		C3FD4CCC1E1666BB00D79997 /* Debug */ = {
			isa = XCBuildConfiguration;
			baseConfigurationReference = D30995035CA26C0DEB860D94 /* Pods-ProjectVerkeerGentTests.debug.xcconfig */;
			buildSettings = {
				ALWAYS_EMBED_SWIFT_STANDARD_LIBRARIES = YES;
				BUNDLE_LOADER = "$(TEST_HOST)";
				INFOPLIST_FILE = ProjectVerkeerGentTests/Info.plist;
				LD_RUNPATH_SEARCH_PATHS = "$(inherited) @executable_path/Frameworks @loader_path/Frameworks";
				PRODUCT_BUNDLE_IDENTIFIER = sb.ProjectVerkeerGentTests;
				PRODUCT_NAME = "$(TARGET_NAME)";
				SWIFT_VERSION = 3.0;
				TEST_HOST = "$(BUILT_PRODUCTS_DIR)/ProjectVerkeerGent.app/ProjectVerkeerGent";
			};
			name = Debug;
		};
		C3FD4CCD1E1666BB00D79997 /* Release */ = {
			isa = XCBuildConfiguration;
			baseConfigurationReference = F976D25B4BD22226EAAD16F9 /* Pods-ProjectVerkeerGentTests.release.xcconfig */;
			buildSettings = {
				ALWAYS_EMBED_SWIFT_STANDARD_LIBRARIES = YES;
				BUNDLE_LOADER = "$(TEST_HOST)";
				INFOPLIST_FILE = ProjectVerkeerGentTests/Info.plist;
				LD_RUNPATH_SEARCH_PATHS = "$(inherited) @executable_path/Frameworks @loader_path/Frameworks";
				PRODUCT_BUNDLE_IDENTIFIER = sb.ProjectVerkeerGentTests;
				PRODUCT_NAME = "$(TARGET_NAME)";
				SWIFT_VERSION = 3.0;
				TEST_HOST = "$(BUILT_PRODUCTS_DIR)/ProjectVerkeerGent.app/ProjectVerkeerGent";
			};
			name = Release;
		};
		C3FD4CCF1E1666BB00D79997 /* Debug */ = {
			isa = XCBuildConfiguration;
			baseConfigurationReference = D589E9669DD5D9BC03F953D6 /* Pods-ProjectVerkeerGentUITests.debug.xcconfig */;
			buildSettings = {
				ALWAYS_EMBED_SWIFT_STANDARD_LIBRARIES = YES;
				INFOPLIST_FILE = ProjectVerkeerGentUITests/Info.plist;
				LD_RUNPATH_SEARCH_PATHS = "$(inherited) @executable_path/Frameworks @loader_path/Frameworks";
				PRODUCT_BUNDLE_IDENTIFIER = sb.ProjectVerkeerGentUITests;
				PRODUCT_NAME = "$(TARGET_NAME)";
				SWIFT_VERSION = 3.0;
				TEST_TARGET_NAME = ProjectVerkeerGent;
			};
			name = Debug;
		};
		C3FD4CD01E1666BB00D79997 /* Release */ = {
			isa = XCBuildConfiguration;
			baseConfigurationReference = 11D5732AC03718D4100A1008 /* Pods-ProjectVerkeerGentUITests.release.xcconfig */;
			buildSettings = {
				ALWAYS_EMBED_SWIFT_STANDARD_LIBRARIES = YES;
				INFOPLIST_FILE = ProjectVerkeerGentUITests/Info.plist;
				LD_RUNPATH_SEARCH_PATHS = "$(inherited) @executable_path/Frameworks @loader_path/Frameworks";
				PRODUCT_BUNDLE_IDENTIFIER = sb.ProjectVerkeerGentUITests;
				PRODUCT_NAME = "$(TARGET_NAME)";
				SWIFT_VERSION = 3.0;
				TEST_TARGET_NAME = ProjectVerkeerGent;
			};
			name = Release;
		};
/* End XCBuildConfiguration section */

/* Begin XCConfigurationList section */
		C3FD4C9B1E1666BB00D79997 /* Build configuration list for PBXProject "ProjectVerkeerGent" */ = {
			isa = XCConfigurationList;
			buildConfigurations = (
				C3FD4CC61E1666BB00D79997 /* Debug */,
				C3FD4CC71E1666BB00D79997 /* Release */,
			);
			defaultConfigurationIsVisible = 0;
			defaultConfigurationName = Release;
		};
		C3FD4CC81E1666BB00D79997 /* Build configuration list for PBXNativeTarget "ProjectVerkeerGent" */ = {
			isa = XCConfigurationList;
			buildConfigurations = (
				C3FD4CC91E1666BB00D79997 /* Debug */,
				C3FD4CCA1E1666BB00D79997 /* Release */,
			);
			defaultConfigurationIsVisible = 0;
			defaultConfigurationName = Release;
		};
		C3FD4CCB1E1666BB00D79997 /* Build configuration list for PBXNativeTarget "ProjectVerkeerGentTests" */ = {
			isa = XCConfigurationList;
			buildConfigurations = (
				C3FD4CCC1E1666BB00D79997 /* Debug */,
				C3FD4CCD1E1666BB00D79997 /* Release */,
			);
			defaultConfigurationIsVisible = 0;
			defaultConfigurationName = Release;
		};
		C3FD4CCE1E1666BB00D79997 /* Build configuration list for PBXNativeTarget "ProjectVerkeerGentUITests" */ = {
			isa = XCConfigurationList;
			buildConfigurations = (
				C3FD4CCF1E1666BB00D79997 /* Debug */,
				C3FD4CD01E1666BB00D79997 /* Release */,
			);
			defaultConfigurationIsVisible = 0;
			defaultConfigurationName = Release;
		};
/* End XCConfigurationList section */
	};
	rootObject = C3FD4C981E1666BB00D79997 /* Project object */;
}
